{
  "name": "demo-resolve",
  "lockfileVersion": 2,
  "requires": true,
  "packages": {
    "": {
      "dependencies": {
        "connect": "^3.7.0",
        "es-module-lexer": "^0.9.0",
        "magic-string": "^0.25.7",
        "marked": "^3.0.4",
        "resolve": "^1.20.0",
        "sirv": "^1.0.17"
      }
    },
    "node_modules/@polka/url": {
      "version": "1.0.0-next.20",
      "resolved": "https://registry.nlark.com/@polka/url/download/@polka/url-1.0.0-next.20.tgz",
      "integrity": "sha1-ERtdsPUBqomwUHb6MfDqDgwpLNM="
    },
    "node_modules/connect": {
      "version": "3.7.0",
      "resolved": "https://registry.nlark.com/connect/download/connect-3.7.0.tgz?cache=0&sync_timestamp=1622025343075&other_urls=https%3A%2F%2Fregistry.nlark.com%2Fconnect%2Fdownload%2Fconnect-3.7.0.tgz",
      "integrity": "sha1-XUk0iRDKpeB6AYALAw0MNfIEhPg=",
      "dependencies": {
        "debug": "2.6.9",
        "finalhandler": "1.1.2",
        "parseurl": "~1.3.3",
        "utils-merge": "1.0.1"
      },
      "engines": {
        "node": ">= 0.10.0"
      }
    },
    "node_modules/debug": {
      "version": "2.6.9",
      "resolved": "https://registry.nlark.com/debug/download/debug-2.6.9.tgz?cache=0&other_urls=https%3A%2F%2Fregistry.nlark.com%2Fdebug%2Fdownload%2Fdebug-2.6.9.tgz",
      "integrity": "sha1-XRKFFd8TT/Mn6QpMk/Tgd6U2NB8=",
      "dependencies": {
        "ms": "2.0.0"
      }
    },
    "node_modules/ee-first": {
      "version": "1.1.1",
      "resolved": "https://registry.nlark.com/ee-first/download/ee-first-1.1.1.tgz",
      "integrity": "sha1-WQxhFWsK4vTwJVcyoViyZrxWsh0="
    },
    "node_modules/encodeurl": {
      "version": "1.0.2",
      "resolved": "https://registry.nlark.com/encodeurl/download/encodeurl-1.0.2.tgz",
      "integrity": "sha1-rT/0yG7C0CkyL1oCw6mmBslbP1k=",
      "engines": {
        "node": ">= 0.8"
      }
    },
    "node_modules/es-module-lexer": {
      "version": "0.9.0",
      "resolved": "https://registry.nlark.com/es-module-lexer/download/es-module-lexer-0.9.0.tgz?cache=0&sync_timestamp=1632013002926&other_urls=https%3A%2F%2Fregistry.nlark.com%2Fes-module-lexer%2Fdownload%2Fes-module-lexer-0.9.0.tgz",
      "integrity": "sha1-/kxGIZd7xmjihcXx9wyjtFEJX9o="
    },
    "node_modules/escape-html": {
      "version": "1.0.3",
      "resolved": "https://registry.nlark.com/escape-html/download/escape-html-1.0.3.tgz",
      "integrity": "sha1-Aljq5NPQwJdN4cFpGI7wBR0dGYg="
    },
    "node_modules/finalhandler": {
      "version": "1.1.2",
      "resolved": "https://registry.nlark.com/finalhandler/download/finalhandler-1.1.2.tgz",
      "integrity": "sha1-t+fQAP/RGTjQ/bBTUG9uur6fWH0=",
      "dependencies": {
        "debug": "2.6.9",
        "encodeurl": "~1.0.2",
        "escape-html": "~1.0.3",
        "on-finished": "~2.3.0",
        "parseurl": "~1.3.3",
        "statuses": "~1.5.0",
        "unpipe": "~1.0.0"
      },
      "engines": {
        "node": ">= 0.8"
      }
    },
    "node_modules/function-bind": {
      "version": "1.1.1",
      "resolved": "https://registry.npm.taobao.org/function-bind/download/function-bind-1.1.1.tgz",
      "integrity": "sha1-pWiZ0+o8m6uHS7l3O3xe3pL0iV0="
    },
    "node_modules/has": {
      "version": "1.0.3",
      "resolved": "https://registry.nlark.com/has/download/has-1.0.3.tgz",
      "integrity": "sha1-ci18v8H2qoJB8W3YFOAR4fQeh5Y=",
      "dependencies": {
        "function-bind": "^1.1.1"
      },
      "engines": {
        "node": ">= 0.4.0"
      }
    },
    "node_modules/is-core-module": {
      "version": "2.6.0",
      "resolved": "https://registry.nlark.com/is-core-module/download/is-core-module-2.6.0.tgz",
      "integrity": "sha1-11U7JSb+Wbkro+QMjfdX7Ipwnhk=",
      "dependencies": {
        "has": "^1.0.3"
      }
    },
    "node_modules/magic-string": {
      "version": "0.25.7",
      "resolved": "https://registry.nlark.com/magic-string/download/magic-string-0.25.7.tgz?cache=0&sync_timestamp=1618846922153&other_urls=https%3A%2F%2Fregistry.nlark.com%2Fmagic-string%2Fdownload%2Fmagic-string-0.25.7.tgz",
      "integrity": "sha1-P0l9b9NMZpxnmNy4IfLvMfVEUFE=",
      "dependencies": {
        "sourcemap-codec": "^1.4.4"
      }
    },
    "node_modules/marked": {
      "version": "3.0.4",
      "resolved": "https://registry.nlark.com/marked/download/marked-3.0.4.tgz",
      "integrity": "sha1-uKFTnl4Fxuqek/FcC60dVM6JBAY=",
      "bin": {
        "marked": "bin/marked"
      },
      "engines": {
        "node": ">= 12"
      }
    },
    "node_modules/mime": {
      "version": "2.5.2",
      "resolved": "https://registry.nlark.com/mime/download/mime-2.5.2.tgz",
      "integrity": "sha1-bj3GzCuVEGQ4MOXxnVy3U9pe6r4=",
      "bin": {
        "mime": "cli.js"
      },
      "engines": {
        "node": ">=4.0.0"
      }
    },
    "node_modules/ms": {
      "version": "2.0.0",
      "resolved": "https://registry.nlark.com/ms/download/ms-2.0.0.tgz",
      "integrity": "sha1-VgiurfwAvmwpAd9fmGF4jeDVl8g="
    },
    "node_modules/on-finished": {
      "version": "2.3.0",
      "resolved": "https://registry.npm.taobao.org/on-finished/download/on-finished-2.3.0.tgz",
      "integrity": "sha1-IPEzZIGwg811M3mSoWlxqi2QaUc=",
      "dependencies": {
        "ee-first": "1.1.1"
      },
      "engines": {
        "node": ">= 0.8"
      }
    },
    "node_modules/parseurl": {
      "version": "1.3.3",
      "resolved": "https://registry.nlark.com/parseurl/download/parseurl-1.3.3.tgz",
      "integrity": "sha1-naGee+6NEt/wUT7Vt2lXeTvC6NQ=",
      "engines": {
        "node": ">= 0.8"
      }
    },
    "node_modules/path-parse": {
      "version": "1.0.7",
      "resolved": "https://registry.nlark.com/path-parse/download/path-parse-1.0.7.tgz",
      "integrity": "sha1-+8EUtgykKzDZ2vWFjkvWi77bZzU="
    },
    "node_modules/resolve": {
      "version": "1.20.0",
      "resolved": "https://registry.npm.taobao.org/resolve/download/resolve-1.20.0.tgz?cache=0&sync_timestamp=1613054862388&other_urls=https%3A%2F%2Fregistry.npm.taobao.org%2Fresolve%2Fdownload%2Fresolve-1.20.0.tgz",
      "integrity": "sha1-YpoBP7P3B1XW8LeTXMHCxTeLGXU=",
      "dependencies": {
        "is-core-module": "^2.2.0",
        "path-parse": "^1.0.6"
      }
    },
    "node_modules/sirv": {
      "version": "1.0.17",
      "resolved": "https://registry.nlark.com/sirv/download/sirv-1.0.17.tgz",
      "integrity": "sha1-huLGPGEtpaHazhwWxG9SSqomrEU=",
      "dependencies": {
        "@polka/url": "^1.0.0-next.20",
        "mime": "^2.3.1",
        "totalist": "^1.0.0"
      },
      "engines": {
        "node": ">= 10"
      }
    },
    "node_modules/sourcemap-codec": {
      "version": "1.4.8",
      "resolved": "https://registry.nlark.com/sourcemap-codec/download/sourcemap-codec-1.4.8.tgz",
      "integrity": "sha1-6oBL2UhXQC5pktBaOO8a41qatMQ="
    },
    "node_modules/statuses": {
      "version": "1.5.0",
      "resolved": "https://registry.nlark.com/statuses/download/statuses-1.5.0.tgz",
      "integrity": "sha1-Fhx9rBd2Wf2YEfQ3cfqZOBR4Yow=",
      "engines": {
        "node": ">= 0.6"
      }
    },
    "node_modules/totalist": {
      "version": "1.1.0",
      "resolved": "https://registry.npm.taobao.org/totalist/download/totalist-1.1.0.tgz",
      "integrity": "sha1-pNZaPlRlF3AePlw3pHpwrJf+Vt8=",
      "engines": {
        "node": ">=6"
      }
    },
    "node_modules/unpipe": {
      "version": "1.0.0",
      "resolved": "https://registry.nlark.com/unpipe/download/unpipe-1.0.0.tgz",
      "integrity": "sha1-sr9O6FFKrmFltIF4KdIbLvSZBOw=",
      "engines": {
        "node": ">= 0.8"
      }
    },
    "node_modules/utils-merge": {
      "version": "1.0.1",
      "resolved": "https://registry.nlark.com/utils-merge/download/utils-merge-1.0.1.tgz",
      "integrity": "sha1-n5VxD1CiZ5R7LMwSR0HBAoQn5xM=",
      "engines": {
        "node": ">= 0.4.0"
      }
    }
  },
  "dependencies": {
    "@polka/url": {
      "version": "1.0.0-next.20",
      "resolved": "https://registry.nlark.com/@polka/url/download/@polka/url-1.0.0-next.20.tgz",
      "integrity": "sha1-ERtdsPUBqomwUHb6MfDqDgwpLNM="
    },
    "connect": {
      "version": "3.7.0",
      "resolved": "https://registry.nlark.com/connect/download/connect-3.7.0.tgz?cache=0&sync_timestamp=1622025343075&other_urls=https%3A%2F%2Fregistry.nlark.com%2Fconnect%2Fdownload%2Fconnect-3.7.0.tgz",
      "integrity": "sha1-XUk0iRDKpeB6AYALAw0MNfIEhPg=",
      "requires": {
        "debug": "2.6.9",
        "finalhandler": "1.1.2",
        "parseurl": "~1.3.3",
        "utils-merge": "1.0.1"
      }
    },
    "debug": {
      "version": "2.6.9",
      "resolved": "https://registry.nlark.com/debug/download/debug-2.6.9.tgz?cache=0&other_urls=https%3A%2F%2Fregistry.nlark.com%2Fdebug%2Fdownload%2Fdebug-2.6.9.tgz",
      "integrity": "sha1-XRKFFd8TT/Mn6QpMk/Tgd6U2NB8=",
      "requires": {
        "ms": "2.0.0"
      }
    },
    "ee-first": {
      "version": "1.1.1",
      "resolved": "https://registry.nlark.com/ee-first/download/ee-first-1.1.1.tgz",
      "integrity": "sha1-WQxhFWsK4vTwJVcyoViyZrxWsh0="
    },
    "encodeurl": {
      "version": "1.0.2",
      "resolved": "https://registry.nlark.com/encodeurl/download/encodeurl-1.0.2.tgz",
      "integrity": "sha1-rT/0yG7C0CkyL1oCw6mmBslbP1k="
    },
    "es-module-lexer": {
      "version": "0.9.0",
      "resolved": "https://registry.nlark.com/es-module-lexer/download/es-module-lexer-0.9.0.tgz?cache=0&sync_timestamp=1632013002926&other_urls=https%3A%2F%2Fregistry.nlark.com%2Fes-module-lexer%2Fdownload%2Fes-module-lexer-0.9.0.tgz",
      "integrity": "sha1-/kxGIZd7xmjihcXx9wyjtFEJX9o="
    },
    "escape-html": {
      "version": "1.0.3",
      "resolved": "https://registry.nlark.com/escape-html/download/escape-html-1.0.3.tgz",
      "integrity": "sha1-Aljq5NPQwJdN4cFpGI7wBR0dGYg="
    },
    "finalhandler": {
      "version": "1.1.2",
      "resolved": "https://registry.nlark.com/finalhandler/download/finalhandler-1.1.2.tgz",
      "integrity": "sha1-t+fQAP/RGTjQ/bBTUG9uur6fWH0=",
      "requires": {
        "debug": "2.6.9",
        "encodeurl": "~1.0.2",
        "escape-html": "~1.0.3",
        "on-finished": "~2.3.0",
        "parseurl": "~1.3.3",
        "statuses": "~1.5.0",
        "unpipe": "~1.0.0"
      }
    },
    "function-bind": {
      "version": "1.1.1",
      "resolved": "https://registry.npm.taobao.org/function-bind/download/function-bind-1.1.1.tgz",
      "integrity": "sha1-pWiZ0+o8m6uHS7l3O3xe3pL0iV0="
    },
    "has": {
      "version": "1.0.3",
      "resolved": "https://registry.nlark.com/has/download/has-1.0.3.tgz",
      "integrity": "sha1-ci18v8H2qoJB8W3YFOAR4fQeh5Y=",
      "requires": {
        "function-bind": "^1.1.1"
      }
    },
    "is-core-module": {
      "version": "2.6.0",
      "resolved": "https://registry.nlark.com/is-core-module/download/is-core-module-2.6.0.tgz",
      "integrity": "sha1-11U7JSb+Wbkro+QMjfdX7Ipwnhk=",
      "requires": {
        "has": "^1.0.3"
      }
    },
    "magic-string": {
      "version": "0.25.7",
      "resolved": "https://registry.nlark.com/magic-string/download/magic-string-0.25.7.tgz?cache=0&sync_timestamp=1618846922153&other_urls=https%3A%2F%2Fregistry.nlark.com%2Fmagic-string%2Fdownload%2Fmagic-string-0.25.7.tgz",
      "integrity": "sha1-P0l9b9NMZpxnmNy4IfLvMfVEUFE=",
      "requires": {
        "sourcemap-codec": "^1.4.4"
      }
    },
    "marked": {
      "version": "3.0.4",
      "resolved": "https://registry.nlark.com/marked/download/marked-3.0.4.tgz",
      "integrity": "sha1-uKFTnl4Fxuqek/FcC60dVM6JBAY="
    },
    "mime": {
      "version": "2.5.2",
      "resolved": "https://registry.nlark.com/mime/download/mime-2.5.2.tgz",
      "integrity": "sha1-bj3GzCuVEGQ4MOXxnVy3U9pe6r4="
    },
    "ms": {
      "version": "2.0.0",
      "resolved": "https://registry.nlark.com/ms/download/ms-2.0.0.tgz",
      "integrity": "sha1-VgiurfwAvmwpAd9fmGF4jeDVl8g="
    },
    "on-finished": {
      "version": "2.3.0",
      "resolved": "https://registry.npm.taobao.org/on-finished/download/on-finished-2.3.0.tgz",
      "integrity": "sha1-IPEzZIGwg811M3mSoWlxqi2QaUc=",
      "requires": {
        "ee-first": "1.1.1"
      }
    },
    "parseurl": {
      "version": "1.3.3",
      "resolved": "https://registry.nlark.com/parseurl/download/parseurl-1.3.3.tgz",
      "integrity": "sha1-naGee+6NEt/wUT7Vt2lXeTvC6NQ="
    },
    "path-parse": {
      "version": "1.0.7",
      "resolved": "https://registry.nlark.com/path-parse/download/path-parse-1.0.7.tgz",
      "integrity": "sha1-+8EUtgykKzDZ2vWFjkvWi77bZzU="
    },
    "resolve": {
      "version": "1.20.0",
      "resolved": "https://registry.npm.taobao.org/resolve/download/resolve-1.20.0.tgz?cache=0&sync_timestamp=1613054862388&other_urls=https%3A%2F%2Fregistry.npm.taobao.org%2Fresolve%2Fdownload%2Fresolve-1.20.0.tgz",
      "integrity": "sha1-YpoBP7P3B1XW8LeTXMHCxTeLGXU=",
      "requires": {
        "is-core-module": "^2.2.0",
        "path-parse": "^1.0.6"
      }
    },
    "sirv": {
      "version": "1.0.17",
      "resolved": "https://registry.nlark.com/sirv/download/sirv-1.0.17.tgz",
      "integrity": "sha1-huLGPGEtpaHazhwWxG9SSqomrEU=",
      "requires": {
        "@polka/url": "^1.0.0-next.20",
        "mime": "^2.3.1",
        "totalist": "^1.0.0"
      }
    },
    "sourcemap-codec": {
      "version": "1.4.8",
      "resolved": "https://registry.nlark.com/sourcemap-codec/download/sourcemap-codec-1.4.8.tgz",
      "integrity": "sha1-6oBL2UhXQC5pktBaOO8a41qatMQ="
    },
    "statuses": {
      "version": "1.5.0",
      "resolved": "https://registry.nlark.com/statuses/download/statuses-1.5.0.tgz",
      "integrity": "sha1-Fhx9rBd2Wf2YEfQ3cfqZOBR4Yow="
    },
    "totalist": {
      "version": "1.1.0",
      "resolved": "https://registry.npm.taobao.org/totalist/download/totalist-1.1.0.tgz",
      "integrity": "sha1-pNZaPlRlF3AePlw3pHpwrJf+Vt8="
    },
    "unpipe": {
      "version": "1.0.0",
      "resolved": "https://registry.nlark.com/unpipe/download/unpipe-1.0.0.tgz",
      "integrity": "sha1-sr9O6FFKrmFltIF4KdIbLvSZBOw="
    },
    "utils-merge": {
      "version": "1.0.1",
      "resolved": "https://registry.nlark.com/utils-merge/download/utils-merge-1.0.1.tgz",
      "integrity": "sha1-n5VxD1CiZ5R7LMwSR0HBAoQn5xM="
    }
  }
}
